
Microsoft Visual Studio Solution File, Format Version 12.00
# Visual Studio 14
VisualStudioVersion = 14.0.25420.1
MinimumVisualStudioVersion = 10.0.40219.1
Project("{FAE04EC0-301F-11D3-BF4B-00C04F79EFBC}") = "MainMethod", "MainMethod\MainMethod.csproj", "{0F3F4C7E-E88F-44F1-96C2-44B46219AEA3}"
EndProject
Project("{FAE04EC0-301F-11D3-BF4B-00C04F79EFBC}") = "GmailWithMsTest", "GmailWithMsTest\GmailWithMsTest.csproj", "{F2D4197A-152A-4132-B1BF-688D905213F3}"
EndProject
Project("{FAE04EC0-301F-11D3-BF4B-00C04F79EFBC}") = "SpecFlowMsTest", "SpecFlowMsTest\SpecFlowMsTest.csproj", "{049B6375-EAC1-4B37-BFE9-AB42D2505D49}"
EndProject
Global
	GlobalSection(SolutionConfigurationPlatforms) = preSolution
		Debug|Any CPU = Debug|Any CPU
		Release|Any CPU = Release|Any CPU
	EndGlobalSection
	GlobalSection(ProjectConfigurationPlatforms) = postSolution
		{0F3F4C7E-E88F-44F1-96C2-44B46219AEA3}.Debug|Any CPU.ActiveCfg = Debug|Any CPU
		{0F3F4C7E-E88F-44F1-96C2-44B46219AEA3}.Debug|Any CPU.Build.0 = Debug|Any CPU
		{0F3F4C7E-E88F-44F1-96C2-44B46219AEA3}.Release|Any CPU.ActiveCfg = Release|Any CPU
		{0F3F4C7E-E88F-44F1-96C2-44B46219AEA3}.Release|Any CPU.Build.0 = Release|Any CPU
		{F2D4197A-152A-4132-B1BF-688D905213F3}.Debug|Any CPU.ActiveCfg = Debug|Any CPU
		{F2D4197A-152A-4132-B1BF-688D905213F3}.Debug|Any CPU.Build.0 = Debug|Any CPU
		{F2D4197A-152A-4132-B1BF-688D905213F3}.Release|Any CPU.ActiveCfg = Release|Any CPU
		{F2D4197A-152A-4132-B1BF-688D905213F3}.Release|Any CPU.Build.0 = Release|Any CPU
		{049B6375-EAC1-4B37-BFE9-AB42D2505D49}.Debug|Any CPU.ActiveCfg = Debug|Any CPU
		{049B6375-EAC1-4B37-BFE9-AB42D2505D49}.Debug|Any CPU.Build.0 = Debug|Any CPU
		{049B6375-EAC1-4B37-BFE9-AB42D2505D49}.Release|Any CPU.ActiveCfg = Release|Any CPU
		{049B6375-EAC1-4B37-BFE9-AB42D2505D49}.Release|Any CPU.Build.0 = Release|Any CPU
	EndGlobalSection
	GlobalSection(SolutionProperties) = preSolution
		HideSolutionNode = FALSE
	EndGlobalSection
EndGlobal
